
Microsoft Visual Studio Solution File, Format Version 12.00
# Visual Studio Version 17
VisualStudioVersion = 17.1.32421.90
MinimumVisualStudioVersion = 10.0.40219.1
Project("{9A19103F-16F7-4668-BE54-9A1E7A4F7556}") = "MVC-Core", "MVC-Core\MVC-Core.csproj", "{F7DDC94D-F5E9-4BA5-AF68-3C973FD2147B}"
EndProject
Global
	GlobalSection(SolutionConfigurationPlatforms) = preSolution
		Debug|Any CPU = Debug|Any CPU
		Release|Any CPU = Release|Any CPU
	EndGlobalSection
	GlobalSection(ProjectConfigurationPlatforms) = postSolution
		{F7DDC94D-F5E9-4BA5-AF68-3C973FD2147B}.Debug|Any CPU.ActiveCfg = Debug|Any CPU
		{F7DDC94D-F5E9-4BA5-AF68-3C973FD2147B}.Debug|Any CPU.Build.0 = Debug|Any CPU
		{F7DDC94D-F5E9-4BA5-AF68-3C973FD2147B}.Release|Any CPU.ActiveCfg = Release|Any CPU
		{F7DDC94D-F5E9-4BA5-AF68-3C973FD2147B}.Release|Any CPU.Build.0 = Release|Any CPU
	EndGlobalSection
	GlobalSection(SolutionProperties) = preSolution
		HideSolutionNode = FALSE
	EndGlobalSection
	GlobalSection(ExtensibilityGlobals) = postSolution
		SolutionGuid = {58B528AB-5D58-4056-B16C-C45645E47E9B}
	EndGlobalSection
EndGlobal
