
Microsoft Visual Studio Solution File, Format Version 12.00
# Visual Studio Version 17
VisualStudioVersion = 17.1.32319.34
MinimumVisualStudioVersion = 10.0.40219.1
Project("{9A19103F-16F7-4668-BE54-9A1E7A4F7556}") = "Services", "Services\Services.csproj", "{6A4C4EF2-3A15-40E4-A222-AEA6A04145DA}"
EndProject
Project("{9A19103F-16F7-4668-BE54-9A1E7A4F7556}") = "API", "API\API.csproj", "{98A9B97C-1F75-474B-86EA-45AEF8B80A8B}"
EndProject
Project("{9A19103F-16F7-4668-BE54-9A1E7A4F7556}") = "UnitTests", "UnitTests\UnitTests.csproj", "{B94AC85E-2CF4-456C-B7B3-4F2477EF5E77}"
EndProject
Project("{9A19103F-16F7-4668-BE54-9A1E7A4F7556}") = "Logger", "..\..\MVC\Logger\Logger.csproj", "{670D7BCE-8883-4BB5-AE8C-9BEC62D29594}"
EndProject
Global
	GlobalSection(SolutionConfigurationPlatforms) = preSolution
		Debug|Any CPU = Debug|Any CPU
		Release|Any CPU = Release|Any CPU
	EndGlobalSection
	GlobalSection(ProjectConfigurationPlatforms) = postSolution
		{6A4C4EF2-3A15-40E4-A222-AEA6A04145DA}.Debug|Any CPU.ActiveCfg = Debug|Any CPU
		{6A4C4EF2-3A15-40E4-A222-AEA6A04145DA}.Debug|Any CPU.Build.0 = Debug|Any CPU
		{6A4C4EF2-3A15-40E4-A222-AEA6A04145DA}.Release|Any CPU.ActiveCfg = Release|Any CPU
		{6A4C4EF2-3A15-40E4-A222-AEA6A04145DA}.Release|Any CPU.Build.0 = Release|Any CPU
		{98A9B97C-1F75-474B-86EA-45AEF8B80A8B}.Debug|Any CPU.ActiveCfg = Debug|Any CPU
		{98A9B97C-1F75-474B-86EA-45AEF8B80A8B}.Debug|Any CPU.Build.0 = Debug|Any CPU
		{98A9B97C-1F75-474B-86EA-45AEF8B80A8B}.Release|Any CPU.ActiveCfg = Release|Any CPU
		{98A9B97C-1F75-474B-86EA-45AEF8B80A8B}.Release|Any CPU.Build.0 = Release|Any CPU
		{B94AC85E-2CF4-456C-B7B3-4F2477EF5E77}.Debug|Any CPU.ActiveCfg = Debug|Any CPU
		{B94AC85E-2CF4-456C-B7B3-4F2477EF5E77}.Debug|Any CPU.Build.0 = Debug|Any CPU
		{B94AC85E-2CF4-456C-B7B3-4F2477EF5E77}.Release|Any CPU.ActiveCfg = Release|Any CPU
		{B94AC85E-2CF4-456C-B7B3-4F2477EF5E77}.Release|Any CPU.Build.0 = Release|Any CPU
		{670D7BCE-8883-4BB5-AE8C-9BEC62D29594}.Debug|Any CPU.ActiveCfg = Debug|Any CPU
		{670D7BCE-8883-4BB5-AE8C-9BEC62D29594}.Debug|Any CPU.Build.0 = Debug|Any CPU
		{670D7BCE-8883-4BB5-AE8C-9BEC62D29594}.Release|Any CPU.ActiveCfg = Release|Any CPU
		{670D7BCE-8883-4BB5-AE8C-9BEC62D29594}.Release|Any CPU.Build.0 = Release|Any CPU
	EndGlobalSection
	GlobalSection(SolutionProperties) = preSolution
		HideSolutionNode = FALSE
	EndGlobalSection
	GlobalSection(ExtensibilityGlobals) = postSolution
		SolutionGuid = {2FD8DC37-9407-47AA-9DD8-C7953C4B0ACF}
	EndGlobalSection
EndGlobal
