
Microsoft Visual Studio Solution File, Format Version 12.00
# Visual Studio Version 17
VisualStudioVersion = 17.1.32319.34
MinimumVisualStudioVersion = 10.0.40219.1
Project("{FAE04EC0-301F-11D3-BF4B-00C04F79EFBC}") = "Game", "ColorMeRGB_ConsoleApp\Game.csproj", "{1990565F-A4EA-4829-9260-6D3688FF9084}"
EndProject
Project("{FAE04EC0-301F-11D3-BF4B-00C04F79EFBC}") = "Services", "Services\Services.csproj", "{6A4C4EF2-3A15-40E4-A222-AEA6A04145DA}"
EndProject
Project("{FAE04EC0-301F-11D3-BF4B-00C04F79EFBC}") = "API", "API\API.csproj", "{98A9B97C-1F75-474B-86EA-45AEF8B80A8B}"
EndProject
Project("{FAE04EC0-301F-11D3-BF4B-00C04F79EFBC}") = "UnitTests", "UnitTests\UnitTests.csproj", "{B94AC85E-2CF4-456C-B7B3-4F2477EF5E77}"
EndProject
Project("{FAE04EC0-301F-11D3-BF4B-00C04F79EFBC}") = "Logger", "Logger\Logger.csproj", "{0B6B550D-2564-45B9-A81B-9C9DB3D62078}"
EndProject
Global
	GlobalSection(SolutionConfigurationPlatforms) = preSolution
		Debug|Any CPU = Debug|Any CPU
		Release|Any CPU = Release|Any CPU
	EndGlobalSection
	GlobalSection(ProjectConfigurationPlatforms) = postSolution
		{1990565F-A4EA-4829-9260-6D3688FF9084}.Debug|Any CPU.ActiveCfg = Debug|Any CPU
		{1990565F-A4EA-4829-9260-6D3688FF9084}.Debug|Any CPU.Build.0 = Debug|Any CPU
		{1990565F-A4EA-4829-9260-6D3688FF9084}.Release|Any CPU.ActiveCfg = Release|Any CPU
		{1990565F-A4EA-4829-9260-6D3688FF9084}.Release|Any CPU.Build.0 = Release|Any CPU
		{6A4C4EF2-3A15-40E4-A222-AEA6A04145DA}.Debug|Any CPU.ActiveCfg = Debug|Any CPU
		{6A4C4EF2-3A15-40E4-A222-AEA6A04145DA}.Debug|Any CPU.Build.0 = Debug|Any CPU
		{6A4C4EF2-3A15-40E4-A222-AEA6A04145DA}.Release|Any CPU.ActiveCfg = Release|Any CPU
		{6A4C4EF2-3A15-40E4-A222-AEA6A04145DA}.Release|Any CPU.Build.0 = Release|Any CPU
		{98A9B97C-1F75-474B-86EA-45AEF8B80A8B}.Debug|Any CPU.ActiveCfg = Debug|Any CPU
		{98A9B97C-1F75-474B-86EA-45AEF8B80A8B}.Debug|Any CPU.Build.0 = Debug|Any CPU
		{98A9B97C-1F75-474B-86EA-45AEF8B80A8B}.Release|Any CPU.ActiveCfg = Release|Any CPU
		{98A9B97C-1F75-474B-86EA-45AEF8B80A8B}.Release|Any CPU.Build.0 = Release|Any CPU
		{B94AC85E-2CF4-456C-B7B3-4F2477EF5E77}.Debug|Any CPU.ActiveCfg = Debug|Any CPU
		{B94AC85E-2CF4-456C-B7B3-4F2477EF5E77}.Debug|Any CPU.Build.0 = Debug|Any CPU
		{B94AC85E-2CF4-456C-B7B3-4F2477EF5E77}.Release|Any CPU.ActiveCfg = Release|Any CPU
		{B94AC85E-2CF4-456C-B7B3-4F2477EF5E77}.Release|Any CPU.Build.0 = Release|Any CPU
		{0B6B550D-2564-45B9-A81B-9C9DB3D62078}.Debug|Any CPU.ActiveCfg = Debug|Any CPU
		{0B6B550D-2564-45B9-A81B-9C9DB3D62078}.Debug|Any CPU.Build.0 = Debug|Any CPU
		{0B6B550D-2564-45B9-A81B-9C9DB3D62078}.Release|Any CPU.ActiveCfg = Release|Any CPU
		{0B6B550D-2564-45B9-A81B-9C9DB3D62078}.Release|Any CPU.Build.0 = Release|Any CPU
	EndGlobalSection
	GlobalSection(SolutionProperties) = preSolution
		HideSolutionNode = FALSE
	EndGlobalSection
	GlobalSection(ExtensibilityGlobals) = postSolution
		SolutionGuid = {2FD8DC37-9407-47AA-9DD8-C7953C4B0ACF}
	EndGlobalSection
EndGlobal
